{
  "name": "test",
  "version": "1.0.0",
  "lockfileVersion": 1,
  "requires": true,
  "dependencies": {
    "my_test_print": {
      "version": "1.0.0",
      "resolved": "https://registry.npmjs.org/my_test_print/-/my_test_print-1.0.0.tgz",
      "integrity": "sha512-8i+9B0VdY6U3qOe/OLzCiOY1fs9Ug/BcdwJ8tWkrBFRbn+n/8pngZEz1WifwQwS+jm4xa0EnqEK4DwCfg+dI3g=="
    }
  }
}
